
Microsoft Visual Studio Solution File, Format Version 12.00
# Visual Studio Version 17
VisualStudioVersion = 17.7.34024.191
MinimumVisualStudioVersion = 10.0.40219.1
Project("{FAE04EC0-301F-11D3-BF4B-00C04F79EFBC}") = "Application_Layer", "Application_Layer\Application_Layer.csproj", "{92AAD9BB-68B9-4F9D-8ADB-70BB7039AE22}"
EndProject
Project("{FAE04EC0-301F-11D3-BF4B-00C04F79EFBC}") = "UnitTests", "UnitTests\UnitTests.csproj", "{73632E6F-1038-4C02-97A2-31F018B23FB0}"
EndProject
Global
	GlobalSection(SolutionConfigurationPlatforms) = preSolution
		Debug|Any CPU = Debug|Any CPU
		Release|Any CPU = Release|Any CPU
	EndGlobalSection
	GlobalSection(ProjectConfigurationPlatforms) = postSolution
		{92AAD9BB-68B9-4F9D-8ADB-70BB7039AE22}.Debug|Any CPU.ActiveCfg = Debug|Any CPU
		{92AAD9BB-68B9-4F9D-8ADB-70BB7039AE22}.Debug|Any CPU.Build.0 = Debug|Any CPU
		{92AAD9BB-68B9-4F9D-8ADB-70BB7039AE22}.Release|Any CPU.ActiveCfg = Release|Any CPU
		{92AAD9BB-68B9-4F9D-8ADB-70BB7039AE22}.Release|Any CPU.Build.0 = Release|Any CPU
		{73632E6F-1038-4C02-97A2-31F018B23FB0}.Debug|Any CPU.ActiveCfg = Debug|Any CPU
		{73632E6F-1038-4C02-97A2-31F018B23FB0}.Debug|Any CPU.Build.0 = Debug|Any CPU
		{73632E6F-1038-4C02-97A2-31F018B23FB0}.Release|Any CPU.ActiveCfg = Release|Any CPU
		{73632E6F-1038-4C02-97A2-31F018B23FB0}.Release|Any CPU.Build.0 = Release|Any CPU
	EndGlobalSection
	GlobalSection(SolutionProperties) = preSolution
		HideSolutionNode = FALSE
	EndGlobalSection
	GlobalSection(ExtensibilityGlobals) = postSolution
		SolutionGuid = {533FDC02-EC4D-4256-A798-F8FA178A06C9}
	EndGlobalSection
EndGlobal
